
Microsoft Visual Studio Solution File, Format Version 12.00
# Visual Studio Version 16
VisualStudioVersion = 16.0.30907.101
MinimumVisualStudioVersion = 10.0.40219.1
Project("{FAE04EC0-301F-11D3-BF4B-00C04F79EFBC}") = "TweetApp1", "TweetApp1\TweetApp1.csproj", "{D11EA1BD-8EF5-4511-BA46-E0AC63255035}"
EndProject
Global
	GlobalSection(SolutionConfigurationPlatforms) = preSolution
		Debug|Any CPU = Debug|Any CPU
		Release|Any CPU = Release|Any CPU
	EndGlobalSection
	GlobalSection(ProjectConfigurationPlatforms) = postSolution
		{D11EA1BD-8EF5-4511-BA46-E0AC63255035}.Debug|Any CPU.ActiveCfg = Debug|Any CPU
		{D11EA1BD-8EF5-4511-BA46-E0AC63255035}.Debug|Any CPU.Build.0 = Debug|Any CPU
		{D11EA1BD-8EF5-4511-BA46-E0AC63255035}.Release|Any CPU.ActiveCfg = Release|Any CPU
		{D11EA1BD-8EF5-4511-BA46-E0AC63255035}.Release|Any CPU.Build.0 = Release|Any CPU
	EndGlobalSection
	GlobalSection(SolutionProperties) = preSolution
		HideSolutionNode = FALSE
	EndGlobalSection
	GlobalSection(ExtensibilityGlobals) = postSolution
		SolutionGuid = {5B890569-35F5-413B-ADBE-9F02A9BBF8A7}
	EndGlobalSection
EndGlobal
